
Microsoft Visual Studio Solution File, Format Version 12.00
Project("{FAE04EC0-301F-11D3-BF4B-00C04F79EFBC}") = "AITakeoverEscape", "AITakeoverEscape.csproj", "{31FFDAF4-AC82-455F-86C3-0D134CA52CF7}"
EndProject
Global
	GlobalSection(SolutionConfigurationPlatforms) = preSolution
		Debug|Any CPU = Debug|Any CPU
		Release|Any CPU = Release|Any CPU
	EndGlobalSection
	GlobalSection(ProjectConfigurationPlatforms) = postSolution
		{31FFDAF4-AC82-455F-86C3-0D134CA52CF7}.Debug|Any CPU.ActiveCfg = Debug|Any CPU
		{31FFDAF4-AC82-455F-86C3-0D134CA52CF7}.Debug|Any CPU.Build.0 = Debug|Any CPU
		{31FFDAF4-AC82-455F-86C3-0D134CA52CF7}.Release|Any CPU.ActiveCfg = Release|Any CPU
		{31FFDAF4-AC82-455F-86C3-0D134CA52CF7}.Release|Any CPU.Build.0 = Release|Any CPU
	EndGlobalSection
EndGlobal
